
Microsoft Visual Studio Solution File, Format Version 12.00
# Visual Studio Version 17
VisualStudioVersion = 17.1.32319.34
MinimumVisualStudioVersion = 10.0.40219.1
Project("{FAE04EC0-301F-11D3-BF4B-00C04F79EFBC}") = "GameboyEmulator", "GameboyEmulator\GameboyEmulator.csproj", "{6A1C9187-7549-4ADD-A285-ADB5FD719DB3}"
EndProject
Global
	GlobalSection(SolutionConfigurationPlatforms) = preSolution
		Debug|Any CPU = Debug|Any CPU
		Release|Any CPU = Release|Any CPU
	EndGlobalSection
	GlobalSection(ProjectConfigurationPlatforms) = postSolution
		{6A1C9187-7549-4ADD-A285-ADB5FD719DB3}.Debug|Any CPU.ActiveCfg = Debug|Any CPU
		{6A1C9187-7549-4ADD-A285-ADB5FD719DB3}.Debug|Any CPU.Build.0 = Debug|Any CPU
		{6A1C9187-7549-4ADD-A285-ADB5FD719DB3}.Release|Any CPU.ActiveCfg = Release|Any CPU
		{6A1C9187-7549-4ADD-A285-ADB5FD719DB3}.Release|Any CPU.Build.0 = Release|Any CPU
	EndGlobalSection
	GlobalSection(SolutionProperties) = preSolution
		HideSolutionNode = FALSE
	EndGlobalSection
	GlobalSection(ExtensibilityGlobals) = postSolution
		SolutionGuid = {2A006E8E-9124-4059-A425-76A7339F72FB}
	EndGlobalSection
EndGlobal
